
Microsoft Visual Studio Solution File, Format Version 12.00
# Visual Studio Version 17
VisualStudioVersion = 17.3.32819.101
MinimumVisualStudioVersion = 10.0.40219.1
Project("{FAE04EC0-301F-11D3-BF4B-00C04F79EFBC}") = "ArrayQuestions", "ArrayQuestions\ArrayQuestions.csproj", "{6AEC9D56-7631-4529-8D34-381AE5E53161}"
EndProject
Global
	GlobalSection(SolutionConfigurationPlatforms) = preSolution
		Debug|Any CPU = Debug|Any CPU
		Release|Any CPU = Release|Any CPU
	EndGlobalSection
	GlobalSection(ProjectConfigurationPlatforms) = postSolution
		{6AEC9D56-7631-4529-8D34-381AE5E53161}.Debug|Any CPU.ActiveCfg = Debug|Any CPU
		{6AEC9D56-7631-4529-8D34-381AE5E53161}.Debug|Any CPU.Build.0 = Debug|Any CPU
		{6AEC9D56-7631-4529-8D34-381AE5E53161}.Release|Any CPU.ActiveCfg = Release|Any CPU
		{6AEC9D56-7631-4529-8D34-381AE5E53161}.Release|Any CPU.Build.0 = Release|Any CPU
	EndGlobalSection
	GlobalSection(SolutionProperties) = preSolution
		HideSolutionNode = FALSE
	EndGlobalSection
	GlobalSection(ExtensibilityGlobals) = postSolution
		SolutionGuid = {9C636FC4-474C-48E1-9083-EDA9229F54B0}
	EndGlobalSection
EndGlobal
